github.com/go-sql-driver/mysql v1.6.0 h1:BCTh4TKNUYmOmMUcQ3IipzF5prigylS7XXjEkfCHuOE=
github.com/go-sql-driver/mysql v1.6.0/go.mod h1:DCzpHaOWr8IXmIStZouvnhqoel9Qv2LBy8hT2VhHyBg=
github.com/gocarina/gocsv v0.0.0-20220422102445-f48ffd81e276 h1:itXwG7hIwd5UCoI4R0YsqkcjoI6Wg/m/kLhfJLLdQ/I=
github.com/gocarina/gocsv v0.0.0-20220422102445-f48ffd81e276/go.mod h1:5YoVOkjYAQumqlV356Hj3xeYh4BdZuLE0/nRkf2NKkI=
